// !$*UTF8*$!
{
	archiveVersion = 1;
	classes = {
	};
	objectVersion = 56;
	objects = {

/* Begin PBXBuildFile section */
		8122ECB12C3CEFA800A0F57A /* StyledCapsuleButton.swift in Sources */ = {isa = PBXBuildFile; fileRef = 8122ECB02C3CEFA800A0F57A /* StyledCapsuleButton.swift */; };
		8122ECB32C3CF25200A0F57A /* Extension+UIButton.swift in Sources */ = {isa = PBXBuildFile; fileRef = 8122ECB22C3CF25200A0F57A /* Extension+UIButton.swift */; };
		81753A1A2C3D71A40076744B /* BaseButton.swift in Sources */ = {isa = PBXBuildFile; fileRef = 81753A192C3D71A40076744B /* BaseButton.swift */; };
		81753A1C2C3D72FA0076744B /* StyledFilledButton.swift in Sources */ = {isa = PBXBuildFile; fileRef = 81753A1B2C3D72FA0076744B /* StyledFilledButton.swift */; };
		81B0CEB62C3C225E006853F9 /* AppDelegate.swift in Sources */ = {isa = PBXBuildFile; fileRef = 81B0CEB52C3C225E006853F9 /* AppDelegate.swift */; };
		81B0CEB82C3C225E006853F9 /* SceneDelegate.swift in Sources */ = {isa = PBXBuildFile; fileRef = 81B0CEB72C3C225E006853F9 /* SceneDelegate.swift */; };
		81B0CEBA2C3C225E006853F9 /* ViewController.swift in Sources */ = {isa = PBXBuildFile; fileRef = 81B0CEB92C3C225E006853F9 /* ViewController.swift */; };
		81B0CEBF2C3C225E006853F9 /* Assets.xcassets in Resources */ = {isa = PBXBuildFile; fileRef = 81B0CEBE2C3C225E006853F9 /* Assets.xcassets */; };
		81B0CEC22C3C225E006853F9 /* Base in Resources */ = {isa = PBXBuildFile; fileRef = 81B0CEC12C3C225E006853F9 /* Base */; };
		81B0CECA2C3C2378006853F9 /* .gitignore in Resources */ = {isa = PBXBuildFile; fileRef = 81B0CEC92C3C2378006853F9 /* .gitignore */; };
		81B0CECE2C3C23DD006853F9 /* BaseView.swift in Sources */ = {isa = PBXBuildFile; fileRef = 81B0CECD2C3C23DD006853F9 /* BaseView.swift */; };
		81B0CED12C3C240D006853F9 /* SnapKit in Frameworks */ = {isa = PBXBuildFile; productRef = 81B0CED02C3C240D006853F9 /* SnapKit */; };
		81B0CED42C3C2490006853F9 /* Extenstion+UIView.swift in Sources */ = {isa = PBXBuildFile; fileRef = 81B0CED32C3C2490006853F9 /* Extenstion+UIView.swift */; };
		81B0CED62C3C2757006853F9 /* BaseTableCell.swift in Sources */ = {isa = PBXBuildFile; fileRef = 81B0CED52C3C2757006853F9 /* BaseTableCell.swift */; };
		81B0CED82C3C27C2006853F9 /* BaseCollectionItem.swift in Sources */ = {isa = PBXBuildFile; fileRef = 81B0CED72C3C27C2006853F9 /* BaseCollectionItem.swift */; };
		81B0CEDB2C3C2881006853F9 /* StyledLabel.swift in Sources */ = {isa = PBXBuildFile; fileRef = 81B0CEDA2C3C2881006853F9 /* StyledLabel.swift */; };
		81B0CEDE2C3C29D3006853F9 /* TestView.swift in Sources */ = {isa = PBXBuildFile; fileRef = 81B0CEDD2C3C29D3006853F9 /* TestView.swift */; };
		81B0CEE12C3C2A89006853F9 /* BaseViewController.swift in Sources */ = {isa = PBXBuildFile; fileRef = 81B0CEE02C3C2A89006853F9 /* BaseViewController.swift */; };
/* End PBXBuildFile section */

/* Begin PBXFileReference section */
		8122ECB02C3CEFA800A0F57A /* StyledCapsuleButton.swift */ = {isa = PBXFileReference; lastKnownFileType = sourcecode.swift; path = StyledCapsuleButton.swift; sourceTree = "<group>"; };
		8122ECB22C3CF25200A0F57A /* Extension+UIButton.swift */ = {isa = PBXFileReference; lastKnownFileType = sourcecode.swift; path = "Extension+UIButton.swift"; sourceTree = "<group>"; };
		81753A192C3D71A40076744B /* BaseButton.swift */ = {isa = PBXFileReference; lastKnownFileType = sourcecode.swift; path = BaseButton.swift; sourceTree = "<group>"; };
		81753A1B2C3D72FA0076744B /* StyledFilledButton.swift */ = {isa = PBXFileReference; lastKnownFileType = sourcecode.swift; path = StyledFilledButton.swift; sourceTree = "<group>"; };
		81B0CEB22C3C225E006853F9 /* BaseProject.app */ = {isa = PBXFileReference; explicitFileType = wrapper.application; includeInIndex = 0; path = BaseProject.app; sourceTree = BUILT_PRODUCTS_DIR; };
		81B0CEB52C3C225E006853F9 /* AppDelegate.swift */ = {isa = PBXFileReference; lastKnownFileType = sourcecode.swift; path = AppDelegate.swift; sourceTree = "<group>"; };
		81B0CEB72C3C225E006853F9 /* SceneDelegate.swift */ = {isa = PBXFileReference; lastKnownFileType = sourcecode.swift; path = SceneDelegate.swift; sourceTree = "<group>"; };
		81B0CEB92C3C225E006853F9 /* ViewController.swift */ = {isa = PBXFileReference; lastKnownFileType = sourcecode.swift; path = ViewController.swift; sourceTree = "<group>"; };
		81B0CEBE2C3C225E006853F9 /* Assets.xcassets */ = {isa = PBXFileReference; lastKnownFileType = folder.assetcatalog; path = Assets.xcassets; sourceTree = "<group>"; };
		81B0CEC12C3C225E006853F9 /* Base */ = {isa = PBXFileReference; lastKnownFileType = file.storyboard; name = Base; path = Base.lproj/LaunchScreen.storyboard; sourceTree = "<group>"; };
		81B0CEC32C3C225E006853F9 /* Info.plist */ = {isa = PBXFileReference; lastKnownFileType = text.plist.xml; path = Info.plist; sourceTree = "<group>"; };
		81B0CEC92C3C2378006853F9 /* .gitignore */ = {isa = PBXFileReference; lastKnownFileType = text; path = .gitignore; sourceTree = "<group>"; };
		81B0CECD2C3C23DD006853F9 /* BaseView.swift */ = {isa = PBXFileReference; lastKnownFileType = sourcecode.swift; path = BaseView.swift; sourceTree = "<group>"; };
		81B0CED32C3C2490006853F9 /* Extenstion+UIView.swift */ = {isa = PBXFileReference; lastKnownFileType = sourcecode.swift; path = "Extenstion+UIView.swift"; sourceTree = "<group>"; };
		81B0CED52C3C2757006853F9 /* BaseTableCell.swift */ = {isa = PBXFileReference; lastKnownFileType = sourcecode.swift; path = BaseTableCell.swift; sourceTree = "<group>"; };
		81B0CED72C3C27C2006853F9 /* BaseCollectionItem.swift */ = {isa = PBXFileReference; lastKnownFileType = sourcecode.swift; path = BaseCollectionItem.swift; sourceTree = "<group>"; };
		81B0CEDA2C3C2881006853F9 /* StyledLabel.swift */ = {isa = PBXFileReference; lastKnownFileType = sourcecode.swift; path = StyledLabel.swift; sourceTree = "<group>"; };
		81B0CEDD2C3C29D3006853F9 /* TestView.swift */ = {isa = PBXFileReference; lastKnownFileType = sourcecode.swift; path = TestView.swift; sourceTree = "<group>"; };
		81B0CEE02C3C2A89006853F9 /* BaseViewController.swift */ = {isa = PBXFileReference; lastKnownFileType = sourcecode.swift; path = BaseViewController.swift; sourceTree = "<group>"; };
		81B0CEE22C3CBC0E006853F9 /* README.md */ = {isa = PBXFileReference; lastKnownFileType = net.daringfireball.markdown; path = README.md; sourceTree = "<group>"; };
/* End PBXFileReference section */

/* Begin PBXFrameworksBuildPhase section */
		81B0CEAF2C3C225E006853F9 /* Frameworks */ = {
			isa = PBXFrameworksBuildPhase;
			buildActionMask = 2147483647;
			files = (
				81B0CED12C3C240D006853F9 /* SnapKit in Frameworks */,
			);
			runOnlyForDeploymentPostprocessing = 0;
		};
/* End PBXFrameworksBuildPhase section */

/* Begin PBXGroup section */
		81B0CEA92C3C225E006853F9 = {
			isa = PBXGroup;
			children = (
				81B0CEE22C3CBC0E006853F9 /* README.md */,
				81B0CEC92C3C2378006853F9 /* .gitignore */,
				81B0CEB42C3C225E006853F9 /* BaseProject */,
				81B0CEB32C3C225E006853F9 /* Products */,
			);
			sourceTree = "<group>";
		};
		81B0CEB32C3C225E006853F9 /* Products */ = {
			isa = PBXGroup;
			children = (
				81B0CEB22C3C225E006853F9 /* BaseProject.app */,
			);
			name = Products;
			sourceTree = "<group>";
		};
		81B0CEB42C3C225E006853F9 /* BaseProject */ = {
			isa = PBXGroup;
			children = (
				81B0CED22C3C247D006853F9 /* Extensions */,
				81B0CECB2C3C23BA006853F9 /* View */,
				81B0CEDF2C3C2A75006853F9 /* Controller */,
				81B0CEB52C3C225E006853F9 /* AppDelegate.swift */,
				81B0CEB72C3C225E006853F9 /* SceneDelegate.swift */,
				81B0CEB92C3C225E006853F9 /* ViewController.swift */,
				81B0CEBE2C3C225E006853F9 /* Assets.xcassets */,
				81B0CEC02C3C225E006853F9 /* LaunchScreen.storyboard */,
				81B0CEC32C3C225E006853F9 /* Info.plist */,
			);
			path = BaseProject;
			sourceTree = "<group>";
		};
		81B0CECB2C3C23BA006853F9 /* View */ = {
			isa = PBXGroup;
			children = (
				81B0CECC2C3C23D0006853F9 /* Base */,
				81B0CED92C3C2857006853F9 /* Styled */,
				81B0CEDD2C3C29D3006853F9 /* TestView.swift */,
			);
			path = View;
			sourceTree = "<group>";
		};
		81B0CECC2C3C23D0006853F9 /* Base */ = {
			isa = PBXGroup;
			children = (
				81B0CECD2C3C23DD006853F9 /* BaseView.swift */,
				81B0CED52C3C2757006853F9 /* BaseTableCell.swift */,
				81B0CED72C3C27C2006853F9 /* BaseCollectionItem.swift */,
				81753A192C3D71A40076744B /* BaseButton.swift */,
			);
			path = Base;
			sourceTree = "<group>";
		};
		81B0CED22C3C247D006853F9 /* Extensions */ = {
			isa = PBXGroup;
			children = (
				81B0CED32C3C2490006853F9 /* Extenstion+UIView.swift */,
				8122ECB22C3CF25200A0F57A /* Extension+UIButton.swift */,
			);
			path = Extensions;
			sourceTree = "<group>";
		};
		81B0CED92C3C2857006853F9 /* Styled */ = {
			isa = PBXGroup;
			children = (
				81B0CEDA2C3C2881006853F9 /* StyledLabel.swift */,
				8122ECB02C3CEFA800A0F57A /* StyledCapsuleButton.swift */,
				81753A1B2C3D72FA0076744B /* StyledFilledButton.swift */,
			);
			path = Styled;
			sourceTree = "<group>";
		};
		81B0CEDF2C3C2A75006853F9 /* Controller */ = {
			isa = PBXGroup;
			children = (
				81B0CEE02C3C2A89006853F9 /* BaseViewController.swift */,
			);
			path = Controller;
			sourceTree = "<group>";
		};
/* End PBXGroup section */

/* Begin PBXNativeTarget section */
		81B0CEB12C3C225E006853F9 /* BaseProject */ = {
			isa = PBXNativeTarget;
			buildConfigurationList = 81B0CEC62C3C225E006853F9 /* Build configuration list for PBXNativeTarget "BaseProject" */;
			buildPhases = (
				81B0CEAE2C3C225E006853F9 /* Sources */,
				81B0CEAF2C3C225E006853F9 /* Frameworks */,
				81B0CEB02C3C225E006853F9 /* Resources */,
			);
			buildRules = (
			);
			dependencies = (
			);
			name = BaseProject;
			packageProductDependencies = (
				81B0CED02C3C240D006853F9 /* SnapKit */,
			);
			productName = BaseProject;
			productReference = 81B0CEB22C3C225E006853F9 /* BaseProject.app */;
			productType = "com.apple.product-type.application";
		};
/* End PBXNativeTarget section */

/* Begin PBXProject section */
		81B0CEAA2C3C225E006853F9 /* Project object */ = {
			isa = PBXProject;
			attributes = {
				BuildIndependentTargetsInParallel = 1;
				LastSwiftUpdateCheck = 1540;
				LastUpgradeCheck = 1540;
				TargetAttributes = {
					81B0CEB12C3C225E006853F9 = {
						CreatedOnToolsVersion = 15.4;
					};
				};
			};
			buildConfigurationList = 81B0CEAD2C3C225E006853F9 /* Build configuration list for PBXProject "BaseProject" */;
			compatibilityVersion = "Xcode 14.0";
			developmentRegion = en;
			hasScannedForEncodings = 0;
			knownRegions = (
				en,
				Base,
			);
			mainGroup = 81B0CEA92C3C225E006853F9;
			packageReferences = (
				81B0CECF2C3C240D006853F9 /* XCRemoteSwiftPackageReference "SnapKit" */,
			);
			productRefGroup = 81B0CEB32C3C225E006853F9 /* Products */;
			projectDirPath = "";
			projectRoot = "";
			targets = (
				81B0CEB12C3C225E006853F9 /* BaseProject */,
			);
		};
/* End PBXProject section */

/* Begin PBXResourcesBuildPhase section */
		81B0CEB02C3C225E006853F9 /* Resources */ = {
			isa = PBXResourcesBuildPhase;
			buildActionMask = 2147483647;
			files = (
				81B0CEBF2C3C225E006853F9 /* Assets.xcassets in Resources */,
				81B0CECA2C3C2378006853F9 /* .gitignore in Resources */,
				81B0CEC22C3C225E006853F9 /* Base in Resources */,
			);
			runOnlyForDeploymentPostprocessing = 0;
		};
/* End PBXResourcesBuildPhase section */

/* Begin PBXSourcesBuildPhase section */
		81B0CEAE2C3C225E006853F9 /* Sources */ = {
			isa = PBXSourcesBuildPhase;
			buildActionMask = 2147483647;
			files = (
				81753A1A2C3D71A40076744B /* BaseButton.swift in Sources */,
				81B0CED42C3C2490006853F9 /* Extenstion+UIView.swift in Sources */,
				81B0CEDB2C3C2881006853F9 /* StyledLabel.swift in Sources */,
				81B0CED62C3C2757006853F9 /* BaseTableCell.swift in Sources */,
				8122ECB12C3CEFA800A0F57A /* StyledCapsuleButton.swift in Sources */,
				81B0CED82C3C27C2006853F9 /* BaseCollectionItem.swift in Sources */,
				8122ECB32C3CF25200A0F57A /* Extension+UIButton.swift in Sources */,
				81B0CEBA2C3C225E006853F9 /* ViewController.swift in Sources */,
				81B0CEE12C3C2A89006853F9 /* BaseViewController.swift in Sources */,
				81B0CEB62C3C225E006853F9 /* AppDelegate.swift in Sources */,
				81753A1C2C3D72FA0076744B /* StyledFilledButton.swift in Sources */,
				81B0CEDE2C3C29D3006853F9 /* TestView.swift in Sources */,
				81B0CEB82C3C225E006853F9 /* SceneDelegate.swift in Sources */,
				81B0CECE2C3C23DD006853F9 /* BaseView.swift in Sources */,
			);
			runOnlyForDeploymentPostprocessing = 0;
		};
/* End PBXSourcesBuildPhase section */

/* Begin PBXVariantGroup section */
		81B0CEC02C3C225E006853F9 /* LaunchScreen.storyboard */ = {
			isa = PBXVariantGroup;
			children = (
				81B0CEC12C3C225E006853F9 /* Base */,
			);
			name = LaunchScreen.storyboard;
			sourceTree = "<group>";
		};
/* End PBXVariantGroup section */

/* Begin XCBuildConfiguration section */
		81B0CEC42C3C225E006853F9 /* Debug */ = {
			isa = XCBuildConfiguration;
			buildSettings = {
				ALWAYS_SEARCH_USER_PATHS = NO;
				ASSETCATALOG_COMPILER_GENERATE_SWIFT_ASSET_SYMBOL_EXTENSIONS = YES;
				CLANG_ANALYZER_NONNULL = YES;
				CLANG_ANALYZER_NUMBER_OBJECT_CONVERSION = YES_AGGRESSIVE;
				CLANG_CXX_LANGUAGE_STANDARD = "gnu++20";
				CLANG_ENABLE_MODULES = YES;
				CLANG_ENABLE_OBJC_ARC = YES;
				CLANG_ENABLE_OBJC_WEAK = YES;
				CLANG_WARN_BLOCK_CAPTURE_AUTORELEASING = YES;
				CLANG_WARN_BOOL_CONVERSION = YES;
				CLANG_WARN_COMMA = YES;
				CLANG_WARN_CONSTANT_CONVERSION = YES;
				CLANG_WARN_DEPRECATED_OBJC_IMPLEMENTATIONS = YES;
				CLANG_WARN_DIRECT_OBJC_ISA_USAGE = YES_ERROR;
				CLANG_WARN_DOCUMENTATION_COMMENTS = YES;
				CLANG_WARN_EMPTY_BODY = YES;
				CLANG_WARN_ENUM_CONVERSION = YES;
				CLANG_WARN_INFINITE_RECURSION = YES;
				CLANG_WARN_INT_CONVERSION = YES;
				CLANG_WARN_NON_LITERAL_NULL_CONVERSION = YES;
				CLANG_WARN_OBJC_IMPLICIT_RETAIN_SELF = YES;
				CLANG_WARN_OBJC_LITERAL_CONVERSION = YES;
				CLANG_WARN_OBJC_ROOT_CLASS = YES_ERROR;
				CLANG_WARN_QUOTED_INCLUDE_IN_FRAMEWORK_HEADER = YES;
				CLANG_WARN_RANGE_LOOP_ANALYSIS = YES;
				CLANG_WARN_STRICT_PROTOTYPES = YES;
				CLANG_WARN_SUSPICIOUS_MOVE = YES;
				CLANG_WARN_UNGUARDED_AVAILABILITY = YES_AGGRESSIVE;
				CLANG_WARN_UNREACHABLE_CODE = YES;
				CLANG_WARN__DUPLICATE_METHOD_MATCH = YES;
				COPY_PHASE_STRIP = NO;
				DEBUG_INFORMATION_FORMAT = dwarf;
				ENABLE_STRICT_OBJC_MSGSEND = YES;
				ENABLE_TESTABILITY = YES;
				ENABLE_USER_SCRIPT_SANDBOXING = YES;
				GCC_C_LANGUAGE_STANDARD = gnu17;
				GCC_DYNAMIC_NO_PIC = NO;
				GCC_NO_COMMON_BLOCKS = YES;
				GCC_OPTIMIZATION_LEVEL = 0;
				GCC_PREPROCESSOR_DEFINITIONS = (
					"DEBUG=1",
					"$(inherited)",
				);
				GCC_WARN_64_TO_32_BIT_CONVERSION = YES;
				GCC_WARN_ABOUT_RETURN_TYPE = YES_ERROR;
				GCC_WARN_UNDECLARED_SELECTOR = YES;
				GCC_WARN_UNINITIALIZED_AUTOS = YES_AGGRESSIVE;
				GCC_WARN_UNUSED_FUNCTION = YES;
				GCC_WARN_UNUSED_VARIABLE = YES;
				IPHONEOS_DEPLOYMENT_TARGET = 16.0;
				LOCALIZATION_PREFERS_STRING_CATALOGS = YES;
				MTL_ENABLE_DEBUG_INFO = INCLUDE_SOURCE;
				MTL_FAST_MATH = YES;
				ONLY_ACTIVE_ARCH = YES;
				SDKROOT = iphoneos;
				SWIFT_ACTIVE_COMPILATION_CONDITIONS = "DEBUG $(inherited)";
				SWIFT_OPTIMIZATION_LEVEL = "-Onone";
			};
			name = Debug;
		};
		81B0CEC52C3C225E006853F9 /* Release */ = {
			isa = XCBuildConfiguration;
			buildSettings = {
				ALWAYS_SEARCH_USER_PATHS = NO;
				ASSETCATALOG_COMPILER_GENERATE_SWIFT_ASSET_SYMBOL_EXTENSIONS = YES;
				CLANG_ANALYZER_NONNULL = YES;
				CLANG_ANALYZER_NUMBER_OBJECT_CONVERSION = YES_AGGRESSIVE;
				CLANG_CXX_LANGUAGE_STANDARD = "gnu++20";
				CLANG_ENABLE_MODULES = YES;
				CLANG_ENABLE_OBJC_ARC = YES;
				CLANG_ENABLE_OBJC_WEAK = YES;
				CLANG_WARN_BLOCK_CAPTURE_AUTORELEASING = YES;
				CLANG_WARN_BOOL_CONVERSION = YES;
				CLANG_WARN_COMMA = YES;
				CLANG_WARN_CONSTANT_CONVERSION = YES;
				CLANG_WARN_DEPRECATED_OBJC_IMPLEMENTATIONS = YES;
				CLANG_WARN_DIRECT_OBJC_ISA_USAGE = YES_ERROR;
				CLANG_WARN_DOCUMENTATION_COMMENTS = YES;
				CLANG_WARN_EMPTY_BODY = YES;
				CLANG_WARN_ENUM_CONVERSION = YES;
				CLANG_WARN_INFINITE_RECURSION = YES;
				CLANG_WARN_INT_CONVERSION = YES;
				CLANG_WARN_NON_LITERAL_NULL_CONVERSION = YES;
				CLANG_WARN_OBJC_IMPLICIT_RETAIN_SELF = YES;
				CLANG_WARN_OBJC_LITERAL_CONVERSION = YES;
				CLANG_WARN_OBJC_ROOT_CLASS = YES_ERROR;
				CLANG_WARN_QUOTED_INCLUDE_IN_FRAMEWORK_HEADER = YES;
				CLANG_WARN_RANGE_LOOP_ANALYSIS = YES;
				CLANG_WARN_STRICT_PROTOTYPES = YES;
				CLANG_WARN_SUSPICIOUS_MOVE = YES;
				CLANG_WARN_UNGUARDED_AVAILABILITY = YES_AGGRESSIVE;
				CLANG_WARN_UNREACHABLE_CODE = YES;
				CLANG_WARN__DUPLICATE_METHOD_MATCH = YES;
				COPY_PHASE_STRIP = NO;
				DEBUG_INFORMATION_FORMAT = "dwarf-with-dsym";
				ENABLE_NS_ASSERTIONS = NO;
				ENABLE_STRICT_OBJC_MSGSEND = YES;
				ENABLE_USER_SCRIPT_SANDBOXING = YES;
				GCC_C_LANGUAGE_STANDARD = gnu17;
				GCC_NO_COMMON_BLOCKS = YES;
				GCC_WARN_64_TO_32_BIT_CONVERSION = YES;
				GCC_WARN_ABOUT_RETURN_TYPE = YES_ERROR;
				GCC_WARN_UNDECLARED_SELECTOR = YES;
				GCC_WARN_UNINITIALIZED_AUTOS = YES_AGGRESSIVE;
				GCC_WARN_UNUSED_FUNCTION = YES;
				GCC_WARN_UNUSED_VARIABLE = YES;
				IPHONEOS_DEPLOYMENT_TARGET = 16.0;
				LOCALIZATION_PREFERS_STRING_CATALOGS = YES;
				MTL_ENABLE_DEBUG_INFO = NO;
				MTL_FAST_MATH = YES;
				SDKROOT = iphoneos;
				SWIFT_COMPILATION_MODE = wholemodule;
				VALIDATE_PRODUCT = YES;
			};
			name = Release;
		};
		81B0CEC72C3C225E006853F9 /* Debug */ = {
			isa = XCBuildConfiguration;
			buildSettings = {
				ASSETCATALOG_COMPILER_APPICON_NAME = AppIcon;
				ASSETCATALOG_COMPILER_GLOBAL_ACCENT_COLOR_NAME = AccentColor;
				CODE_SIGN_STYLE = Automatic;
				CURRENT_PROJECT_VERSION = 1;
				DEVELOPMENT_TEAM = YM49LMS87D;
				GENERATE_INFOPLIST_FILE = YES;
				INFOPLIST_FILE = BaseProject/Info.plist;
				INFOPLIST_KEY_UIApplicationSupportsIndirectInputEvents = YES;
				INFOPLIST_KEY_UILaunchStoryboardName = LaunchScreen;
				INFOPLIST_KEY_UISupportedInterfaceOrientations = UIInterfaceOrientationPortrait;
				INFOPLIST_KEY_UISupportedInterfaceOrientations_iPad = UIInterfaceOrientationPortrait;
				IPHONEOS_DEPLOYMENT_TARGET = 16.0;
				LD_RUNPATH_SEARCH_PATHS = (
					"$(inherited)",
					"@executable_path/Frameworks",
				);
				MARKETING_VERSION = 1.0;
				PRODUCT_BUNDLE_IDENTIFIER = teamhk.BaseProject;
				PRODUCT_NAME = "$(TARGET_NAME)";
				SUPPORTED_PLATFORMS = "iphoneos iphonesimulator";
				SUPPORTS_MACCATALYST = NO;
				SUPPORTS_MAC_DESIGNED_FOR_IPHONE_IPAD = NO;
				SUPPORTS_XR_DESIGNED_FOR_IPHONE_IPAD = NO;
				SWIFT_EMIT_LOC_STRINGS = YES;
				SWIFT_VERSION = 5.0;
				TARGETED_DEVICE_FAMILY = 1;
			};
			name = Debug;
		};
		81B0CEC82C3C225E006853F9 /* Release */ = {
			isa = XCBuildConfiguration;
			buildSettings = {
				ASSETCATALOG_COMPILER_APPICON_NAME = AppIcon;
				ASSETCATALOG_COMPILER_GLOBAL_ACCENT_COLOR_NAME = AccentColor;
				CODE_SIGN_STYLE = Automatic;
				CURRENT_PROJECT_VERSION = 1;
				DEVELOPMENT_TEAM = YM49LMS87D;
				GENERATE_INFOPLIST_FILE = YES;
				INFOPLIST_FILE = BaseProject/Info.plist;
				INFOPLIST_KEY_UIApplicationSupportsIndirectInputEvents = YES;
				INFOPLIST_KEY_UILaunchStoryboardName = LaunchScreen;
				INFOPLIST_KEY_UISupportedInterfaceOrientations = UIInterfaceOrientationPortrait;
				INFOPLIST_KEY_UISupportedInterfaceOrientations_iPad = UIInterfaceOrientationPortrait;
				IPHONEOS_DEPLOYMENT_TARGET = 16.0;
				LD_RUNPATH_SEARCH_PATHS = (
					"$(inherited)",
					"@executable_path/Frameworks",
				);
				MARKETING_VERSION = 1.0;
				PRODUCT_BUNDLE_IDENTIFIER = teamhk.BaseProject;
				PRODUCT_NAME = "$(TARGET_NAME)";
				SUPPORTED_PLATFORMS = "iphoneos iphonesimulator";
				SUPPORTS_MACCATALYST = NO;
				SUPPORTS_MAC_DESIGNED_FOR_IPHONE_IPAD = NO;
				SUPPORTS_XR_DESIGNED_FOR_IPHONE_IPAD = NO;
				SWIFT_EMIT_LOC_STRINGS = YES;
				SWIFT_VERSION = 5.0;
				TARGETED_DEVICE_FAMILY = 1;
			};
			name = Release;
		};
/* End XCBuildConfiguration section */

/* Begin XCConfigurationList section */
		81B0CEAD2C3C225E006853F9 /* Build configuration list for PBXProject "BaseProject" */ = {
			isa = XCConfigurationList;
			buildConfigurations = (
				81B0CEC42C3C225E006853F9 /* Debug */,
				81B0CEC52C3C225E006853F9 /* Release */,
			);
			defaultConfigurationIsVisible = 0;
			defaultConfigurationName = Release;
		};
		81B0CEC62C3C225E006853F9 /* Build configuration list for PBXNativeTarget "BaseProject" */ = {
			isa = XCConfigurationList;
			buildConfigurations = (
				81B0CEC72C3C225E006853F9 /* Debug */,
				81B0CEC82C3C225E006853F9 /* Release */,
			);
			defaultConfigurationIsVisible = 0;
			defaultConfigurationName = Release;
		};
/* End XCConfigurationList section */

/* Begin XCRemoteSwiftPackageReference section */
		81B0CECF2C3C240D006853F9 /* XCRemoteSwiftPackageReference "SnapKit" */ = {
			isa = XCRemoteSwiftPackageReference;
			repositoryURL = "https://github.com/SnapKit/SnapKit.git";
			requirement = {
				kind = upToNextMajorVersion;
				minimumVersion = 5.7.1;
			};
		};
/* End XCRemoteSwiftPackageReference section */

/* Begin XCSwiftPackageProductDependency section */
		81B0CED02C3C240D006853F9 /* SnapKit */ = {
			isa = XCSwiftPackageProductDependency;
			package = 81B0CECF2C3C240D006853F9 /* XCRemoteSwiftPackageReference "SnapKit" */;
			productName = SnapKit;
		};
/* End XCSwiftPackageProductDependency section */
	};
	rootObject = 81B0CEAA2C3C225E006853F9 /* Project object */;
}
